Microsoft Visual Studio Solution File, Format Version 12.00
# Visual Studio Version 17
VisualStudioVersion = 17.12.35506.116
MinimumVisualStudioVersion = 10.0.40219.1
Project("{9A19103F-16F7-4668-BE54-9A1E7A4F7556}") = "Doerly.Host", "Doerly.Host\Doerly.Host.csproj", "{C319C633-AB31-4841-A329-537F0E311C87}"
	ProjectSection(ProjectDependencies) = postProject
		{C7C25975-68C3-4C81-9366-F0B5DD10544F} = {C7C25975-68C3-4C81-9366-F0B5DD10544F}
	EndProjectSection
EndProject
Project("{2150E333-8FDC-42A3-9474-1A3956D46DE8}") = "Modules", "Modules", "{93EDAABD-78C3-42EC-8530-7AB0331B5F89}"
EndProject
Project("{9A19103F-16F7-4668-BE54-9A1E7A4F7556}") = "Doerly.DataAccess", "Doerly.DataAccess\Doerly.DataAccess.csproj", "{E0C1655A-76EA-46B9-8FEF-6C84F2CFA7CE}"
EndProject
Project("{2150E333-8FDC-42A3-9474-1A3956D46DE8}") = "Authorization", "Authorization", "{E416C0D8-CEEC-432E-82F1-8C91C1D4F1C7}"
EndProject
Project("{9A19103F-16F7-4668-BE54-9A1E7A4F7556}") = "Doerly.Module.Authorization.Api", "Doerly.Module.Authorization\Doerly.Module.Authorization.Api\Doerly.Module.Authorization.Api.csproj", "{EF7C49A0-DE16-4D6F-9A35-4428C3458E3D}"
EndProject
Project("{9A19103F-16F7-4668-BE54-9A1E7A4F7556}") = "Doerly.Module.Authorization.Domain", "Doerly.Module.Authorization\Doerly.Module.Authorization.Domain\Doerly.Module.Authorization.Domain.csproj", "{E051E2C9-C4A5-4E34-ADB0-78252905B6F5}"
EndProject
Project("{9A19103F-16F7-4668-BE54-9A1E7A4F7556}") = "Doerly.Module.Authorization.DataAccess", "Doerly.Module.Authorization\Doerly.Module.Authorization.DataAccess\Doerly.Module.Authorization.DataAccess.csproj", "{2BFD3D11-A6DD-4954-8EBD-02612E8B7B8D}"
EndProject
Project("{9A19103F-16F7-4668-BE54-9A1E7A4F7556}") = "Doerly.Domain", "Doerly.Domain\Doerly.Domain.csproj", "{53783D65-333C-42D7-8005-81CA7D93E03C}"
EndProject
Project("{FAE04EC0-301F-11D3-BF4B-00C04F79EFBC}") = "Doerly.Common.Settings", "Doerly.Common.Settings\Doerly.Common.Settings.csproj", "{AE80C043-1A56-44DE-81AA-E8839153CB74}"
EndProject
Project("{2150E333-8FDC-42A3-9474-1A3956D46DE8}") = "Notifications", "Notifications", "{00F83D99-820C-470A-8F4F-73883B7E8F2D}"
EndProject
Project("{2150E333-8FDC-42A3-9474-1A3956D46DE8}") = "Order", "Order", "{65FBD588-7C94-4087-9ACD-0A0A6EE30B06}"
EndProject
Project("{FAE04EC0-301F-11D3-BF4B-00C04F79EFBC}") = "Doerly.Module.Order.Api", "Doerly.Module.Order\Doerly.Module.Order.Api\Doerly.Module.Order.Api.csproj", "{7620B544-74FE-4EE1-8BA8-233D786C0307}"
EndProject
Project("{FAE04EC0-301F-11D3-BF4B-00C04F79EFBC}") = "Doerly.Module.Order.DataAccess", "Doerly.Module.Order\Doerly.Module.Order.DataAccess\Doerly.Module.Order.DataAccess.csproj", "{2DA9E57A-B728-4AA2-8B5E-7A5E4C364FF2}"
EndProject
Project("{FAE04EC0-301F-11D3-BF4B-00C04F79EFBC}") = "Doerly.Module.Order.Domain", "Doerly.Module.Order\Doerly.Module.Order.Domain\Doerly.Module.Order.Domain.csproj", "{BB512DCB-8A08-4972-BBEA-1A2CA31C474F}"
EndProject
Project("{FAE04EC0-301F-11D3-BF4B-00C04F79EFBC}") = "Doerly.Notification.EmailSender", "Doerly.Notification.EmailSender\Doerly.Notification.EmailSender.csproj", "{0AD326C6-1AA0-4102-94B1-E5D874F60930}"
EndProject
Project("{FAE04EC0-301F-11D3-BF4B-00C04F79EFBC}") = "Doerly.Localization", "Doerly.Localization\Doerly.Localization.csproj", "{293667C2-6EF0-437A-852E-D21D39CFBB08}"
EndProject
Project("{FAE04EC0-301F-11D3-BF4B-00C04F79EFBC}") = "Doerly.Module.Authorization.Enums", "Doerly.Module.Authorization\Doerly.Module.Authorization.Enums\Doerly.Module.Authorization.Enums.csproj", "{B6E52E36-7123-4F69-B5A5-22086B0B7521}"
EndProject
Project("{2150E333-8FDC-42A3-9474-1A3956D46DE8}") = "Profile", "Profile", "{245B6B27-1DD6-4B32-AE9D-EA17C24B3EFE}"
EndProject
Project("{FAE04EC0-301F-11D3-BF4B-00C04F79EFBC}") = "Doerly.Module.Profile.Api", "Doerly.Module.Profile\Doerly.Module.Profile.Api\Doerly.Module.Profile.Api.csproj", "{21F75DD6-7A62-4B55-A32C-879976682192}"
EndProject
Project("{FAE04EC0-301F-11D3-BF4B-00C04F79EFBC}") = "Doerly.Module.Profile.DataAccess", "Doerly.Module.Profile\Doerly.Module.Profile.DataAccess\Doerly.Module.Profile.DataAccess.csproj", "{130C7AAC-325D-40DE-9562-B03C26B74B0F}"
EndProject
Project("{FAE04EC0-301F-11D3-BF4B-00C04F79EFBC}") = "Doerly.Module.Profile.Domain", "Doerly.Module.Profile\Doerly.Module.Profile.Domain\Doerly.Module.Profile.Domain.csproj", "{E0396268-3B43-4D0A-8372-953691D0103A}"
EndProject
Project("{2150E333-8FDC-42A3-9474-1A3956D46DE8}") = "FileRepository", "FileRepository", "{F863DD1F-2EA9-4AEC-909C-04DADBB381D9}"
EndProject
Project("{FAE04EC0-301F-11D3-BF4B-00C04F79EFBC}") = "Doerly.FileRepository", "Doerly.FileRepository\Doerly.FileRepository.csproj", "{0D536B23-5CD0-44F8-A3D2-B92C076E1A8F}"
EndProject
Project("{FAE04EC0-301F-11D3-BF4B-00C04F79EFBC}") = "Doerly.Module.Profile.Enums", "Doerly.Module.Profile\Doerly.Module.Profile.Enums\Doerly.Module.Profile.Enums.csproj", "{22C3B386-E4CD-456B-BE77-7CE5E7B0C83C}"
EndProject
Project("{FAE04EC0-301F-11D3-BF4B-00C04F79EFBC}") = "Doerly.Extensions", "Doerly.Extensions\Doerly.Extensions.csproj", "{93893578-FC75-4330-B366-F4C847CE66F6}"
EndProject
Project("{FAE04EC0-301F-11D3-BF4B-00C04F79EFBC}") = "Doerly.DataTransferObjects", "Doerly.DataTransferObjects\Doerly.DataTransferObjects.csproj", "{3434DA4E-EA8E-4BEA-9889-40F5BDB7286C}"
EndProject
Project("{FAE04EC0-301F-11D3-BF4B-00C04F79EFBC}") = "Doerly.Module.Authorization.Contracts", "Doerly.Module.Authorization\Doerly.Module.Authorization.Contracts\Doerly.Module.Authorization.Contracts.csproj", "{A5FCBA55-8AA2-46AF-9A36-AD8ACFD09C07}"
EndProject
Project("{FAE04EC0-301F-11D3-BF4B-00C04F79EFBC}") = "Doerly.Module.Profile.Contracts", "Doerly.Module.Profile\Doerly.Module.Profile.Contracts\Doerly.Module.Profile.Contracts.csproj", "{9BFB627E-47CA-4FB2-8C87-C723ABF9E309}"
EndProject
Project("{FAE04EC0-301F-11D3-BF4B-00C04F79EFBC}") = "Doerly.Messaging", "Doerly.Messaging\Doerly.Messaging.csproj", "{87867EFF-2047-4B5E-A8FE-78638888E48A}"
EndProject
Project("{2150E333-8FDC-42A3-9474-1A3956D46DE8}") = "Common", "Common", "{96457558-2E9B-484E-B18E-388753B29918}"
EndProject
Project("{2150E333-8FDC-42A3-9474-1A3956D46DE8}") = "Catalog", "Catalog", "{02EA681E-C7D8-13C7-8484-4AC65E1B71E8}"
EndProject
Project("{FAE04EC0-301F-11D3-BF4B-00C04F79EFBC}") = "Doerly.Module.Catalog.Api", "Doerly.Module.Catalog\Doerly.Module.Catalog.Api\Doerly.Module.Catalog.Api.csproj", "{C7C25975-68C3-4C81-9366-F0B5DD10544F}"
EndProject
Project("{FAE04EC0-301F-11D3-BF4B-00C04F79EFBC}") = "Doerly.Module.Catalog.Domain", "Doerly.Module.Catalog\Doerly.Module.Catalog.Domain\Doerly.Module.Catalog.Domain.csproj", "{A018BE82-4F4D-470C-BF57-764438EEC552}"
EndProject
Project("{FAE04EC0-301F-11D3-BF4B-00C04F79EFBC}") = "Doerly.Module.Catalog.DataAccess", "Doerly.Module.Catalog\Doerly.Module.Catalog.DataAccess\Doerly.Module.Catalog.DataAccess.csproj", "{555C3653-A646-4774-904E-D1BF283C69C5}"
EndProject
Project("{FAE04EC0-301F-11D3-BF4B-00C04F79EFBC}") = "Doerly.Module.Catalog.Contracts", "Doerly.Module.Catalog\Doerly.Module.Catalog.Contracts\Doerly.Module.Catalog.Contracts.csproj", "{2AA9FFB5-79F0-4671-8BB4-70EEA79477ED}"
EndProject
Project("{FAE04EC0-301F-11D3-BF4B-00C04F79EFBC}") = "Doerly.Infrastructure.Api", "Doerly.Infrastructure.Api\Doerly.Infrastructure.Api.csproj", "{1AB5C917-8AEF-5090-7B71-4BE130747F26}"
EndProject
Project("{FAE04EC0-301F-11D3-BF4B-00C04F79EFBC}") = "Doerly.Module.Payments.Api", "Doerly.Module.Payments\Doerly.Module.Payments.Api\Doerly.Module.Payments.Api.csproj", "{DE5777B1-2339-19C8-1A2F-A287CDDCA407}"
EndProject
Project("{FAE04EC0-301F-11D3-BF4B-00C04F79EFBC}") = "Doerly.Module.Common.DataAccess", "Doerly.Module.Common\Doerly.Module.Common.DataAccess\Doerly.Module.Common.DataAccess.csproj", "{553486C7-BD4C-ECC9-97C3-109E9B8B8C45}"
EndProject
Project("{FAE04EC0-301F-11D3-BF4B-00C04F79EFBC}") = "Doerly.Proxy.Profile", "Doerly.Proxy.Profile\Doerly.Proxy.Profile.csproj", "{8915AB3D-5116-B67D-C904-1F8F3E804D35}"
EndProject
Project("{FAE04EC0-301F-11D3-BF4B-00C04F79EFBC}") = "Doerly.Proxy.Payment", "Doerly.Proxy.Payment\Doerly.Proxy.Payment.csproj", "{D5EB7442-0390-3796-E22B-04934AE2A22B}"
EndProject
Project("{FAE04EC0-301F-11D3-BF4B-00C04F79EFBC}") = "Doerly.Proxy.BaseProxy", "Doerly.Proxy.BaseProxy\Doerly.Proxy.BaseProxy.csproj", "{6210E229-C9B9-1ABA-0616-FEAAF85DFDCE}"
EndProject
Project("{FAE04EC0-301F-11D3-BF4B-00C04F79EFBC}") = "Doerly.Module.Payments.DataAccess", "Doerly.Module.Payments\Doerly.Module.Payments.DataAccess\Doerly.Module.Payments.DataAccess.csproj", "{EC65227B-4CA6-8232-4D60-5BB8B9D82C9C}"
EndProject
Project("{FAE04EC0-301F-11D3-BF4B-00C04F79EFBC}") = "Doerly.Module.Payments.Domain", "Doerly.Module.Payments\Doerly.Module.Payments.Domain\Doerly.Module.Payments.Domain.csproj", "{6F8AA813-676A-7DD9-3796-FC5457E3BB33}"
EndProject
Project("{FAE04EC0-301F-11D3-BF4B-00C04F79EFBC}") = "Doerly.Module.Payments.Contracts", "Doerly.Module.Payments\Doerly.Module.Payments.Contracts\Doerly.Module.Payments.Contracts.csproj", "{2BBA669C-6295-1E5B-4629-4C1CC5C06A3F}"
EndProject
Project("{FAE04EC0-301F-11D3-BF4B-00C04F79EFBC}") = "Doerly.Module.Payments.Client.LiqPay", "Doerly.Module.Payments\Doerly.Module.Payments.Client.LiqPay\Doerly.Module.Payments.Client.LiqPay.csproj", "{FF635093-524B-6179-00E8-F1019E9EE50B}"
EndProject
Project("{FAE04EC0-301F-11D3-BF4B-00C04F79EFBC}") = "Doerly.Module.Payments.BaseClient", "Doerly.Module.Payments\Doerly.Module.Payments.BaseClient\Doerly.Module.Payments.BaseClient.csproj", "{E56A9A21-368C-FB29-0A73-76E379536D9C}"
EndProject
Project("{FAE04EC0-301F-11D3-BF4B-00C04F79EFBC}") = "Doerly.Module.Payments.Enums", "Doerly.Module.Payments\Doerly.Module.Payments.Enums\Doerly.Module.Payments.Enums.csproj", "{226EAEAD-6376-DAA1-D61A-A2D8447C6AAB}"
EndProject
Project("{FAE04EC0-301F-11D3-BF4B-00C04F79EFBC}") = "Doerly.Module.Common.Api", "Doerly.Module.Common\Doerly.Module.Common.Api\Doerly.Module.Common.Api.csproj", "{94EE8726-9BD0-43A0-8369-387D42501B4A}"
EndProject
Project("{FAE04EC0-301F-11D3-BF4B-00C04F79EFBC}") = "Doerly.Module.Catalog.Enums", "Doerly.Module.Catalog\Doerly.Module.Catalog.Enums\Doerly.Module.Catalog.Enums.csproj", "{D50A0E64-7DE9-461E-AFFF-7DFEDB6ED9F1}"
EndProject
Project("{2150E333-8FDC-42A3-9474-1A3956D46DE8}") = "Communication", "Communication", "{D7BACF86-64DF-4F49-890D-FB6A864CD96E}"
EndProject
Project("{2150E333-8FDC-42A3-9474-1A3956D46DE8}") = "Payments", "Payments", "{151DF984-C2DC-4D37-AA6F-0F10A89B1D6F}"
EndProject
Project("{2150E333-8FDC-42A3-9474-1A3956D46DE8}") = "Proxies", "Proxies", "{4DB61E6C-2C4E-4A5F-B11A-33C855CA5E19}"
EndProject
Project("{FAE04EC0-301F-11D3-BF4B-00C04F79EFBC}") = "Doerly.Module.Communication.Api", "Doerly.Module.Communication\Doerly.Module.Communication.Api\Doerly.Module.Communication.Api.csproj", "{7C3EBA97-ACE8-4133-A9BF-374AA8E373A6}"
EndProject
Project("{FAE04EC0-301F-11D3-BF4B-00C04F79EFBC}") = "Doerly.Module.Communication.Contracts", "Doerly.Module.Communication\Doerly.Module.Communication.Contracts\Doerly.Module.Communication.Contracts.csproj", "{41E95503-1050-4EAB-82CB-6F986B6B8D15}"
EndProject
Project("{FAE04EC0-301F-11D3-BF4B-00C04F79EFBC}") = "Doerly.Module.Communication.DataAccess", "Doerly.Module.Communication\Doerly.Module.Communication.DataAccess\Doerly.Module.Communication.DataAccess.csproj", "{F94AC857-E8D1-44BC-821D-AD18C1347E4E}"
EndProject
Project("{FAE04EC0-301F-11D3-BF4B-00C04F79EFBC}") = "Doerly.Module.Communication.Domain", "Doerly.Module.Communication\Doerly.Module.Communication.Domain\Doerly.Module.Communication.Domain.csproj", "{A2ECB2F0-3E64-4511-899C-699E48CC2AE4}"
EndProject
Project("{FAE04EC0-301F-11D3-BF4B-00C04F79EFBC}") = "Doerly.Module.Communication.Enums", "Doerly.Module.Communication\Doerly.Module.Communication.Enums\Doerly.Module.Communication.Enums.csproj", "{F3FEB645-E688-4089-97B8-839E2FEB9350}"
EndProject
Global
	GlobalSection(SolutionConfigurationPlatforms) = preSolution
		Debug|Any CPU = Debug|Any CPU
		Release|Any CPU = Release|Any CPU
	EndGlobalSection
	GlobalSection(ProjectConfigurationPlatforms) = postSolution
		{C319C633-AB31-4841-A329-537F0E311C87}.Debug|Any CPU.ActiveCfg = Debug|Any CPU
		{C319C633-AB31-4841-A329-537F0E311C87}.Debug|Any CPU.Build.0 = Debug|Any CPU
		{C319C633-AB31-4841-A329-537F0E311C87}.Release|Any CPU.ActiveCfg = Release|Any CPU
		{C319C633-AB31-4841-A329-537F0E311C87}.Release|Any CPU.Build.0 = Release|Any CPU
		{E0C1655A-76EA-46B9-8FEF-6C84F2CFA7CE}.Debug|Any CPU.ActiveCfg = Debug|Any CPU
		{E0C1655A-76EA-46B9-8FEF-6C84F2CFA7CE}.Debug|Any CPU.Build.0 = Debug|Any CPU
		{E0C1655A-76EA-46B9-8FEF-6C84F2CFA7CE}.Release|Any CPU.ActiveCfg = Release|Any CPU
		{E0C1655A-76EA-46B9-8FEF-6C84F2CFA7CE}.Release|Any CPU.Build.0 = Release|Any CPU
		{EF7C49A0-DE16-4D6F-9A35-4428C3458E3D}.Debug|Any CPU.ActiveCfg = Debug|Any CPU
		{EF7C49A0-DE16-4D6F-9A35-4428C3458E3D}.Debug|Any CPU.Build.0 = Debug|Any CPU
		{EF7C49A0-DE16-4D6F-9A35-4428C3458E3D}.Release|Any CPU.ActiveCfg = Release|Any CPU
		{EF7C49A0-DE16-4D6F-9A35-4428C3458E3D}.Release|Any CPU.Build.0 = Release|Any CPU
		{E051E2C9-C4A5-4E34-ADB0-78252905B6F5}.Debug|Any CPU.ActiveCfg = Debug|Any CPU
		{E051E2C9-C4A5-4E34-ADB0-78252905B6F5}.Debug|Any CPU.Build.0 = Debug|Any CPU
		{E051E2C9-C4A5-4E34-ADB0-78252905B6F5}.Release|Any CPU.ActiveCfg = Release|Any CPU
		{E051E2C9-C4A5-4E34-ADB0-78252905B6F5}.Release|Any CPU.Build.0 = Release|Any CPU
		{2BFD3D11-A6DD-4954-8EBD-02612E8B7B8D}.Debug|Any CPU.ActiveCfg = Debug|Any CPU
		{2BFD3D11-A6DD-4954-8EBD-02612E8B7B8D}.Debug|Any CPU.Build.0 = Debug|Any CPU
		{2BFD3D11-A6DD-4954-8EBD-02612E8B7B8D}.Release|Any CPU.ActiveCfg = Release|Any CPU
		{2BFD3D11-A6DD-4954-8EBD-02612E8B7B8D}.Release|Any CPU.Build.0 = Release|Any CPU
		{53783D65-333C-42D7-8005-81CA7D93E03C}.Debug|Any CPU.ActiveCfg = Debug|Any CPU
		{53783D65-333C-42D7-8005-81CA7D93E03C}.Debug|Any CPU.Build.0 = Debug|Any CPU
		{53783D65-333C-42D7-8005-81CA7D93E03C}.Release|Any CPU.ActiveCfg = Release|Any CPU
		{53783D65-333C-42D7-8005-81CA7D93E03C}.Release|Any CPU.Build.0 = Release|Any CPU
		{AE80C043-1A56-44DE-81AA-E8839153CB74}.Debug|Any CPU.ActiveCfg = Debug|Any CPU
		{AE80C043-1A56-44DE-81AA-E8839153CB74}.Debug|Any CPU.Build.0 = Debug|Any CPU
		{AE80C043-1A56-44DE-81AA-E8839153CB74}.Release|Any CPU.ActiveCfg = Release|Any CPU
		{AE80C043-1A56-44DE-81AA-E8839153CB74}.Release|Any CPU.Build.0 = Release|Any CPU
		{7620B544-74FE-4EE1-8BA8-233D786C0307}.Debug|Any CPU.ActiveCfg = Debug|Any CPU
		{7620B544-74FE-4EE1-8BA8-233D786C0307}.Debug|Any CPU.Build.0 = Debug|Any CPU
		{7620B544-74FE-4EE1-8BA8-233D786C0307}.Release|Any CPU.ActiveCfg = Release|Any CPU
		{7620B544-74FE-4EE1-8BA8-233D786C0307}.Release|Any CPU.Build.0 = Release|Any CPU
		{2DA9E57A-B728-4AA2-8B5E-7A5E4C364FF2}.Debug|Any CPU.ActiveCfg = Debug|Any CPU
		{2DA9E57A-B728-4AA2-8B5E-7A5E4C364FF2}.Debug|Any CPU.Build.0 = Debug|Any CPU
		{2DA9E57A-B728-4AA2-8B5E-7A5E4C364FF2}.Release|Any CPU.ActiveCfg = Release|Any CPU
		{2DA9E57A-B728-4AA2-8B5E-7A5E4C364FF2}.Release|Any CPU.Build.0 = Release|Any CPU
		{BB512DCB-8A08-4972-BBEA-1A2CA31C474F}.Debug|Any CPU.ActiveCfg = Debug|Any CPU
		{BB512DCB-8A08-4972-BBEA-1A2CA31C474F}.Debug|Any CPU.Build.0 = Debug|Any CPU
		{BB512DCB-8A08-4972-BBEA-1A2CA31C474F}.Release|Any CPU.ActiveCfg = Release|Any CPU
		{BB512DCB-8A08-4972-BBEA-1A2CA31C474F}.Release|Any CPU.Build.0 = Release|Any CPU
		{0AD326C6-1AA0-4102-94B1-E5D874F60930}.Debug|Any CPU.ActiveCfg = Debug|Any CPU
		{0AD326C6-1AA0-4102-94B1-E5D874F60930}.Debug|Any CPU.Build.0 = Debug|Any CPU
		{0AD326C6-1AA0-4102-94B1-E5D874F60930}.Release|Any CPU.ActiveCfg = Release|Any CPU
		{0AD326C6-1AA0-4102-94B1-E5D874F60930}.Release|Any CPU.Build.0 = Release|Any CPU
		{293667C2-6EF0-437A-852E-D21D39CFBB08}.Debug|Any CPU.ActiveCfg = Debug|Any CPU
		{293667C2-6EF0-437A-852E-D21D39CFBB08}.Debug|Any CPU.Build.0 = Debug|Any CPU
		{293667C2-6EF0-437A-852E-D21D39CFBB08}.Release|Any CPU.ActiveCfg = Release|Any CPU
		{293667C2-6EF0-437A-852E-D21D39CFBB08}.Release|Any CPU.Build.0 = Release|Any CPU
		{B6E52E36-7123-4F69-B5A5-22086B0B7521}.Debug|Any CPU.ActiveCfg = Debug|Any CPU
		{B6E52E36-7123-4F69-B5A5-22086B0B7521}.Debug|Any CPU.Build.0 = Debug|Any CPU
		{B6E52E36-7123-4F69-B5A5-22086B0B7521}.Release|Any CPU.ActiveCfg = Release|Any CPU
		{B6E52E36-7123-4F69-B5A5-22086B0B7521}.Release|Any CPU.Build.0 = Release|Any CPU
		{21F75DD6-7A62-4B55-A32C-879976682192}.Debug|Any CPU.ActiveCfg = Debug|Any CPU
		{21F75DD6-7A62-4B55-A32C-879976682192}.Debug|Any CPU.Build.0 = Debug|Any CPU
		{21F75DD6-7A62-4B55-A32C-879976682192}.Release|Any CPU.ActiveCfg = Release|Any CPU
		{21F75DD6-7A62-4B55-A32C-879976682192}.Release|Any CPU.Build.0 = Release|Any CPU
		{130C7AAC-325D-40DE-9562-B03C26B74B0F}.Debug|Any CPU.ActiveCfg = Debug|Any CPU
		{130C7AAC-325D-40DE-9562-B03C26B74B0F}.Debug|Any CPU.Build.0 = Debug|Any CPU
		{130C7AAC-325D-40DE-9562-B03C26B74B0F}.Release|Any CPU.ActiveCfg = Release|Any CPU
		{130C7AAC-325D-40DE-9562-B03C26B74B0F}.Release|Any CPU.Build.0 = Release|Any CPU
		{E0396268-3B43-4D0A-8372-953691D0103A}.Debug|Any CPU.ActiveCfg = Debug|Any CPU
		{E0396268-3B43-4D0A-8372-953691D0103A}.Debug|Any CPU.Build.0 = Debug|Any CPU
		{E0396268-3B43-4D0A-8372-953691D0103A}.Release|Any CPU.ActiveCfg = Release|Any CPU
		{E0396268-3B43-4D0A-8372-953691D0103A}.Release|Any CPU.Build.0 = Release|Any CPU
		{0D536B23-5CD0-44F8-A3D2-B92C076E1A8F}.Debug|Any CPU.ActiveCfg = Debug|Any CPU
		{0D536B23-5CD0-44F8-A3D2-B92C076E1A8F}.Debug|Any CPU.Build.0 = Debug|Any CPU
		{0D536B23-5CD0-44F8-A3D2-B92C076E1A8F}.Release|Any CPU.ActiveCfg = Release|Any CPU
		{0D536B23-5CD0-44F8-A3D2-B92C076E1A8F}.Release|Any CPU.Build.0 = Release|Any CPU
		{22C3B386-E4CD-456B-BE77-7CE5E7B0C83C}.Debug|Any CPU.ActiveCfg = Debug|Any CPU
		{22C3B386-E4CD-456B-BE77-7CE5E7B0C83C}.Debug|Any CPU.Build.0 = Debug|Any CPU
		{22C3B386-E4CD-456B-BE77-7CE5E7B0C83C}.Release|Any CPU.ActiveCfg = Release|Any CPU
		{22C3B386-E4CD-456B-BE77-7CE5E7B0C83C}.Release|Any CPU.Build.0 = Release|Any CPU
		{93893578-FC75-4330-B366-F4C847CE66F6}.Debug|Any CPU.ActiveCfg = Debug|Any CPU
		{93893578-FC75-4330-B366-F4C847CE66F6}.Debug|Any CPU.Build.0 = Debug|Any CPU
		{93893578-FC75-4330-B366-F4C847CE66F6}.Release|Any CPU.ActiveCfg = Release|Any CPU
		{93893578-FC75-4330-B366-F4C847CE66F6}.Release|Any CPU.Build.0 = Release|Any CPU
		{3434DA4E-EA8E-4BEA-9889-40F5BDB7286C}.Debug|Any CPU.ActiveCfg = Debug|Any CPU
		{3434DA4E-EA8E-4BEA-9889-40F5BDB7286C}.Debug|Any CPU.Build.0 = Debug|Any CPU
		{3434DA4E-EA8E-4BEA-9889-40F5BDB7286C}.Release|Any CPU.ActiveCfg = Release|Any CPU
		{3434DA4E-EA8E-4BEA-9889-40F5BDB7286C}.Release|Any CPU.Build.0 = Release|Any CPU
		{A5FCBA55-8AA2-46AF-9A36-AD8ACFD09C07}.Debug|Any CPU.ActiveCfg = Debug|Any CPU
		{A5FCBA55-8AA2-46AF-9A36-AD8ACFD09C07}.Debug|Any CPU.Build.0 = Debug|Any CPU
		{A5FCBA55-8AA2-46AF-9A36-AD8ACFD09C07}.Release|Any CPU.ActiveCfg = Release|Any CPU
		{A5FCBA55-8AA2-46AF-9A36-AD8ACFD09C07}.Release|Any CPU.Build.0 = Release|Any CPU
		{9BFB627E-47CA-4FB2-8C87-C723ABF9E309}.Debug|Any CPU.ActiveCfg = Debug|Any CPU
		{9BFB627E-47CA-4FB2-8C87-C723ABF9E309}.Debug|Any CPU.Build.0 = Debug|Any CPU
		{9BFB627E-47CA-4FB2-8C87-C723ABF9E309}.Release|Any CPU.ActiveCfg = Release|Any CPU
		{9BFB627E-47CA-4FB2-8C87-C723ABF9E309}.Release|Any CPU.Build.0 = Release|Any CPU
		{87867EFF-2047-4B5E-A8FE-78638888E48A}.Debug|Any CPU.ActiveCfg = Debug|Any CPU
		{87867EFF-2047-4B5E-A8FE-78638888E48A}.Debug|Any CPU.Build.0 = Debug|Any CPU
		{87867EFF-2047-4B5E-A8FE-78638888E48A}.Release|Any CPU.ActiveCfg = Release|Any CPU
		{87867EFF-2047-4B5E-A8FE-78638888E48A}.Release|Any CPU.Build.0 = Release|Any CPU
		{C7C25975-68C3-4C81-9366-F0B5DD10544F}.Debug|Any CPU.ActiveCfg = Debug|Any CPU
		{C7C25975-68C3-4C81-9366-F0B5DD10544F}.Debug|Any CPU.Build.0 = Debug|Any CPU
		{C7C25975-68C3-4C81-9366-F0B5DD10544F}.Release|Any CPU.ActiveCfg = Release|Any CPU
		{C7C25975-68C3-4C81-9366-F0B5DD10544F}.Release|Any CPU.Build.0 = Release|Any CPU
		{A018BE82-4F4D-470C-BF57-764438EEC552}.Debug|Any CPU.ActiveCfg = Debug|Any CPU
		{A018BE82-4F4D-470C-BF57-764438EEC552}.Debug|Any CPU.Build.0 = Debug|Any CPU
		{A018BE82-4F4D-470C-BF57-764438EEC552}.Release|Any CPU.ActiveCfg = Release|Any CPU
		{A018BE82-4F4D-470C-BF57-764438EEC552}.Release|Any CPU.Build.0 = Release|Any CPU
		{555C3653-A646-4774-904E-D1BF283C69C5}.Debug|Any CPU.ActiveCfg = Debug|Any CPU
		{555C3653-A646-4774-904E-D1BF283C69C5}.Debug|Any CPU.Build.0 = Debug|Any CPU
		{555C3653-A646-4774-904E-D1BF283C69C5}.Release|Any CPU.ActiveCfg = Release|Any CPU
		{555C3653-A646-4774-904E-D1BF283C69C5}.Release|Any CPU.Build.0 = Release|Any CPU
		{2AA9FFB5-79F0-4671-8BB4-70EEA79477ED}.Debug|Any CPU.ActiveCfg = Debug|Any CPU
		{2AA9FFB5-79F0-4671-8BB4-70EEA79477ED}.Debug|Any CPU.Build.0 = Debug|Any CPU
		{2AA9FFB5-79F0-4671-8BB4-70EEA79477ED}.Release|Any CPU.ActiveCfg = Release|Any CPU
		{2AA9FFB5-79F0-4671-8BB4-70EEA79477ED}.Release|Any CPU.Build.0 = Release|Any CPU
		{1AB5C917-8AEF-5090-7B71-4BE130747F26}.Debug|Any CPU.ActiveCfg = Debug|Any CPU
		{1AB5C917-8AEF-5090-7B71-4BE130747F26}.Debug|Any CPU.Build.0 = Debug|Any CPU
		{1AB5C917-8AEF-5090-7B71-4BE130747F26}.Release|Any CPU.ActiveCfg = Release|Any CPU
		{1AB5C917-8AEF-5090-7B71-4BE130747F26}.Release|Any CPU.Build.0 = Release|Any CPU
		{DE5777B1-2339-19C8-1A2F-A287CDDCA407}.Debug|Any CPU.ActiveCfg = Debug|Any CPU
		{DE5777B1-2339-19C8-1A2F-A287CDDCA407}.Debug|Any CPU.Build.0 = Debug|Any CPU
		{DE5777B1-2339-19C8-1A2F-A287CDDCA407}.Release|Any CPU.ActiveCfg = Release|Any CPU
		{DE5777B1-2339-19C8-1A2F-A287CDDCA407}.Release|Any CPU.Build.0 = Release|Any CPU
		{553486C7-BD4C-ECC9-97C3-109E9B8B8C45}.Debug|Any CPU.ActiveCfg = Debug|Any CPU
		{553486C7-BD4C-ECC9-97C3-109E9B8B8C45}.Debug|Any CPU.Build.0 = Debug|Any CPU
		{553486C7-BD4C-ECC9-97C3-109E9B8B8C45}.Release|Any CPU.ActiveCfg = Release|Any CPU
		{553486C7-BD4C-ECC9-97C3-109E9B8B8C45}.Release|Any CPU.Build.0 = Release|Any CPU
		{8915AB3D-5116-B67D-C904-1F8F3E804D35}.Debug|Any CPU.ActiveCfg = Debug|Any CPU
		{8915AB3D-5116-B67D-C904-1F8F3E804D35}.Debug|Any CPU.Build.0 = Debug|Any CPU
		{8915AB3D-5116-B67D-C904-1F8F3E804D35}.Release|Any CPU.ActiveCfg = Release|Any CPU
		{8915AB3D-5116-B67D-C904-1F8F3E804D35}.Release|Any CPU.Build.0 = Release|Any CPU
		{D5EB7442-0390-3796-E22B-04934AE2A22B}.Debug|Any CPU.ActiveCfg = Debug|Any CPU
		{D5EB7442-0390-3796-E22B-04934AE2A22B}.Debug|Any CPU.Build.0 = Debug|Any CPU
		{D5EB7442-0390-3796-E22B-04934AE2A22B}.Release|Any CPU.ActiveCfg = Release|Any CPU
		{D5EB7442-0390-3796-E22B-04934AE2A22B}.Release|Any CPU.Build.0 = Release|Any CPU
		{6210E229-C9B9-1ABA-0616-FEAAF85DFDCE}.Debug|Any CPU.ActiveCfg = Debug|Any CPU
		{6210E229-C9B9-1ABA-0616-FEAAF85DFDCE}.Debug|Any CPU.Build.0 = Debug|Any CPU
		{6210E229-C9B9-1ABA-0616-FEAAF85DFDCE}.Release|Any CPU.ActiveCfg = Release|Any CPU
		{6210E229-C9B9-1ABA-0616-FEAAF85DFDCE}.Release|Any CPU.Build.0 = Release|Any CPU
		{EC65227B-4CA6-8232-4D60-5BB8B9D82C9C}.Debug|Any CPU.ActiveCfg = Debug|Any CPU
		{EC65227B-4CA6-8232-4D60-5BB8B9D82C9C}.Debug|Any CPU.Build.0 = Debug|Any CPU
		{EC65227B-4CA6-8232-4D60-5BB8B9D82C9C}.Release|Any CPU.ActiveCfg = Release|Any CPU
		{EC65227B-4CA6-8232-4D60-5BB8B9D82C9C}.Release|Any CPU.Build.0 = Release|Any CPU
		{6F8AA813-676A-7DD9-3796-FC5457E3BB33}.Debug|Any CPU.ActiveCfg = Debug|Any CPU
		{6F8AA813-676A-7DD9-3796-FC5457E3BB33}.Debug|Any CPU.Build.0 = Debug|Any CPU
		{6F8AA813-676A-7DD9-3796-FC5457E3BB33}.Release|Any CPU.ActiveCfg = Release|Any CPU
		{6F8AA813-676A-7DD9-3796-FC5457E3BB33}.Release|Any CPU.Build.0 = Release|Any CPU
		{2BBA669C-6295-1E5B-4629-4C1CC5C06A3F}.Debug|Any CPU.ActiveCfg = Debug|Any CPU
		{2BBA669C-6295-1E5B-4629-4C1CC5C06A3F}.Debug|Any CPU.Build.0 = Debug|Any CPU
		{2BBA669C-6295-1E5B-4629-4C1CC5C06A3F}.Release|Any CPU.ActiveCfg = Release|Any CPU
		{2BBA669C-6295-1E5B-4629-4C1CC5C06A3F}.Release|Any CPU.Build.0 = Release|Any CPU
		{FF635093-524B-6179-00E8-F1019E9EE50B}.Debug|Any CPU.ActiveCfg = Debug|Any CPU
		{FF635093-524B-6179-00E8-F1019E9EE50B}.Debug|Any CPU.Build.0 = Debug|Any CPU
		{FF635093-524B-6179-00E8-F1019E9EE50B}.Release|Any CPU.ActiveCfg = Release|Any CPU
		{FF635093-524B-6179-00E8-F1019E9EE50B}.Release|Any CPU.Build.0 = Release|Any CPU
		{E56A9A21-368C-FB29-0A73-76E379536D9C}.Debug|Any CPU.ActiveCfg = Debug|Any CPU
		{E56A9A21-368C-FB29-0A73-76E379536D9C}.Debug|Any CPU.Build.0 = Debug|Any CPU
		{E56A9A21-368C-FB29-0A73-76E379536D9C}.Release|Any CPU.ActiveCfg = Release|Any CPU
		{E56A9A21-368C-FB29-0A73-76E379536D9C}.Release|Any CPU.Build.0 = Release|Any CPU
		{226EAEAD-6376-DAA1-D61A-A2D8447C6AAB}.Debug|Any CPU.ActiveCfg = Debug|Any CPU
		{226EAEAD-6376-DAA1-D61A-A2D8447C6AAB}.Debug|Any CPU.Build.0 = Debug|Any CPU
		{226EAEAD-6376-DAA1-D61A-A2D8447C6AAB}.Release|Any CPU.ActiveCfg = Release|Any CPU
		{226EAEAD-6376-DAA1-D61A-A2D8447C6AAB}.Release|Any CPU.Build.0 = Release|Any CPU
		{94EE8726-9BD0-43A0-8369-387D42501B4A}.Debug|Any CPU.ActiveCfg = Debug|Any CPU
		{94EE8726-9BD0-43A0-8369-387D42501B4A}.Debug|Any CPU.Build.0 = Debug|Any CPU
		{94EE8726-9BD0-43A0-8369-387D42501B4A}.Release|Any CPU.ActiveCfg = Release|Any CPU
		{94EE8726-9BD0-43A0-8369-387D42501B4A}.Release|Any CPU.Build.0 = Release|Any CPU
		{D50A0E64-7DE9-461E-AFFF-7DFEDB6ED9F1}.Debug|Any CPU.ActiveCfg = Debug|Any CPU
		{D50A0E64-7DE9-461E-AFFF-7DFEDB6ED9F1}.Debug|Any CPU.Build.0 = Debug|Any CPU
		{D50A0E64-7DE9-461E-AFFF-7DFEDB6ED9F1}.Release|Any CPU.ActiveCfg = Release|Any CPU
		{D50A0E64-7DE9-461E-AFFF-7DFEDB6ED9F1}.Release|Any CPU.Build.0 = Release|Any CPU
		{7C3EBA97-ACE8-4133-A9BF-374AA8E373A6}.Debug|Any CPU.ActiveCfg = Debug|Any CPU
		{7C3EBA97-ACE8-4133-A9BF-374AA8E373A6}.Debug|Any CPU.Build.0 = Debug|Any CPU
		{7C3EBA97-ACE8-4133-A9BF-374AA8E373A6}.Release|Any CPU.ActiveCfg = Release|Any CPU
		{7C3EBA97-ACE8-4133-A9BF-374AA8E373A6}.Release|Any CPU.Build.0 = Release|Any CPU
		{41E95503-1050-4EAB-82CB-6F986B6B8D15}.Debug|Any CPU.ActiveCfg = Debug|Any CPU
		{41E95503-1050-4EAB-82CB-6F986B6B8D15}.Debug|Any CPU.Build.0 = Debug|Any CPU
		{41E95503-1050-4EAB-82CB-6F986B6B8D15}.Release|Any CPU.ActiveCfg = Release|Any CPU
		{41E95503-1050-4EAB-82CB-6F986B6B8D15}.Release|Any CPU.Build.0 = Release|Any CPU
		{F94AC857-E8D1-44BC-821D-AD18C1347E4E}.Debug|Any CPU.ActiveCfg = Debug|Any CPU
		{F94AC857-E8D1-44BC-821D-AD18C1347E4E}.Debug|Any CPU.Build.0 = Debug|Any CPU
		{F94AC857-E8D1-44BC-821D-AD18C1347E4E}.Release|Any CPU.ActiveCfg = Release|Any CPU
		{F94AC857-E8D1-44BC-821D-AD18C1347E4E}.Release|Any CPU.Build.0 = Release|Any CPU
		{A2ECB2F0-3E64-4511-899C-699E48CC2AE4}.Debug|Any CPU.ActiveCfg = Debug|Any CPU
		{A2ECB2F0-3E64-4511-899C-699E48CC2AE4}.Debug|Any CPU.Build.0 = Debug|Any CPU
		{A2ECB2F0-3E64-4511-899C-699E48CC2AE4}.Release|Any CPU.ActiveCfg = Release|Any CPU
		{A2ECB2F0-3E64-4511-899C-699E48CC2AE4}.Release|Any CPU.Build.0 = Release|Any CPU
		{F3FEB645-E688-4089-97B8-839E2FEB9350}.Debug|Any CPU.ActiveCfg = Debug|Any CPU
		{F3FEB645-E688-4089-97B8-839E2FEB9350}.Debug|Any CPU.Build.0 = Debug|Any CPU
		{F3FEB645-E688-4089-97B8-839E2FEB9350}.Release|Any CPU.ActiveCfg = Release|Any CPU
		{F3FEB645-E688-4089-97B8-839E2FEB9350}.Release|Any CPU.Build.0 = Release|Any CPU
	EndGlobalSection
	GlobalSection(SolutionProperties) = preSolution
		HideSolutionNode = FALSE
	EndGlobalSection
	GlobalSection(NestedProjects) = preSolution
		{E416C0D8-CEEC-432E-82F1-8C91C1D4F1C7} = {93EDAABD-78C3-42EC-8530-7AB0331B5F89}
		{EF7C49A0-DE16-4D6F-9A35-4428C3458E3D} = {E416C0D8-CEEC-432E-82F1-8C91C1D4F1C7}
		{E051E2C9-C4A5-4E34-ADB0-78252905B6F5} = {E416C0D8-CEEC-432E-82F1-8C91C1D4F1C7}
		{2BFD3D11-A6DD-4954-8EBD-02612E8B7B8D} = {E416C0D8-CEEC-432E-82F1-8C91C1D4F1C7}
		{65FBD588-7C94-4087-9ACD-0A0A6EE30B06} = {93EDAABD-78C3-42EC-8530-7AB0331B5F89}
		{7620B544-74FE-4EE1-8BA8-233D786C0307} = {65FBD588-7C94-4087-9ACD-0A0A6EE30B06}
		{2DA9E57A-B728-4AA2-8B5E-7A5E4C364FF2} = {65FBD588-7C94-4087-9ACD-0A0A6EE30B06}
		{BB512DCB-8A08-4972-BBEA-1A2CA31C474F} = {65FBD588-7C94-4087-9ACD-0A0A6EE30B06}
		{02EA681E-C7D8-13C7-8484-4AC65E1B71E8} = {93EDAABD-78C3-42EC-8530-7AB0331B5F89}
		{C7C25975-68C3-4C81-9366-F0B5DD10544F} = {02EA681E-C7D8-13C7-8484-4AC65E1B71E8}
		{A018BE82-4F4D-470C-BF57-764438EEC552} = {02EA681E-C7D8-13C7-8484-4AC65E1B71E8}
		{555C3653-A646-4774-904E-D1BF283C69C5} = {02EA681E-C7D8-13C7-8484-4AC65E1B71E8}
		{2AA9FFB5-79F0-4671-8BB4-70EEA79477ED} = {02EA681E-C7D8-13C7-8484-4AC65E1B71E8}
		{D50A0E64-7DE9-461E-AFFF-7DFEDB6ED9F1} = {02EA681E-C7D8-13C7-8484-4AC65E1B71E8}
		{D7BACF86-64DF-4F49-890D-FB6A864CD96E} = {93EDAABD-78C3-42EC-8530-7AB0331B5F89}
		{151DF984-C2DC-4D37-AA6F-0F10A89B1D6F} = {93EDAABD-78C3-42EC-8530-7AB0331B5F89}
		{226EAEAD-6376-DAA1-D61A-A2D8447C6AAB} = {151DF984-C2DC-4D37-AA6F-0F10A89B1D6F}
		{6F8AA813-676A-7DD9-3796-FC5457E3BB33} = {151DF984-C2DC-4D37-AA6F-0F10A89B1D6F}
		{EC65227B-4CA6-8232-4D60-5BB8B9D82C9C} = {151DF984-C2DC-4D37-AA6F-0F10A89B1D6F}
		{2BBA669C-6295-1E5B-4629-4C1CC5C06A3F} = {151DF984-C2DC-4D37-AA6F-0F10A89B1D6F}
		{FF635093-524B-6179-00E8-F1019E9EE50B} = {151DF984-C2DC-4D37-AA6F-0F10A89B1D6F}
		{E56A9A21-368C-FB29-0A73-76E379536D9C} = {151DF984-C2DC-4D37-AA6F-0F10A89B1D6F}
		{DE5777B1-2339-19C8-1A2F-A287CDDCA407} = {151DF984-C2DC-4D37-AA6F-0F10A89B1D6F}
		{22C3B386-E4CD-456B-BE77-7CE5E7B0C83C} = {245B6B27-1DD6-4B32-AE9D-EA17C24B3EFE}
		{E0396268-3B43-4D0A-8372-953691D0103A} = {245B6B27-1DD6-4B32-AE9D-EA17C24B3EFE}
		{130C7AAC-325D-40DE-9562-B03C26B74B0F} = {245B6B27-1DD6-4B32-AE9D-EA17C24B3EFE}
		{9BFB627E-47CA-4FB2-8C87-C723ABF9E309} = {245B6B27-1DD6-4B32-AE9D-EA17C24B3EFE}
		{21F75DD6-7A62-4B55-A32C-879976682192} = {245B6B27-1DD6-4B32-AE9D-EA17C24B3EFE}
		{245B6B27-1DD6-4B32-AE9D-EA17C24B3EFE} = {93EDAABD-78C3-42EC-8530-7AB0331B5F89}
		{AE80C043-1A56-44DE-81AA-E8839153CB74} = {96457558-2E9B-484E-B18E-388753B29918}
		{94EE8726-9BD0-43A0-8369-387D42501B4A} = {96457558-2E9B-484E-B18E-388753B29918}
		{553486C7-BD4C-ECC9-97C3-109E9B8B8C45} = {96457558-2E9B-484E-B18E-388753B29918}
		{4DB61E6C-2C4E-4A5F-B11A-33C855CA5E19} = {93EDAABD-78C3-42EC-8530-7AB0331B5F89}
		{6210E229-C9B9-1ABA-0616-FEAAF85DFDCE} = {4DB61E6C-2C4E-4A5F-B11A-33C855CA5E19}
		{D5EB7442-0390-3796-E22B-04934AE2A22B} = {4DB61E6C-2C4E-4A5F-B11A-33C855CA5E19}
		{8915AB3D-5116-B67D-C904-1F8F3E804D35} = {4DB61E6C-2C4E-4A5F-B11A-33C855CA5E19}
		{B6E52E36-7123-4F69-B5A5-22086B0B7521} = {E416C0D8-CEEC-432E-82F1-8C91C1D4F1C7}
		{A5FCBA55-8AA2-46AF-9A36-AD8ACFD09C07} = {E416C0D8-CEEC-432E-82F1-8C91C1D4F1C7}
		{E0C1655A-76EA-46B9-8FEF-6C84F2CFA7CE} = {96457558-2E9B-484E-B18E-388753B29918}
		{3434DA4E-EA8E-4BEA-9889-40F5BDB7286C} = {96457558-2E9B-484E-B18E-388753B29918}
		{53783D65-333C-42D7-8005-81CA7D93E03C} = {96457558-2E9B-484E-B18E-388753B29918}
		{93893578-FC75-4330-B366-F4C847CE66F6} = {96457558-2E9B-484E-B18E-388753B29918}
		{0D536B23-5CD0-44F8-A3D2-B92C076E1A8F} = {F863DD1F-2EA9-4AEC-909C-04DADBB381D9}
		{0AD326C6-1AA0-4102-94B1-E5D874F60930} = {00F83D99-820C-470A-8F4F-73883B7E8F2D}
		{00F83D99-820C-470A-8F4F-73883B7E8F2D} = {93EDAABD-78C3-42EC-8530-7AB0331B5F89}
		{F863DD1F-2EA9-4AEC-909C-04DADBB381D9} = {93EDAABD-78C3-42EC-8530-7AB0331B5F89}
		{1AB5C917-8AEF-5090-7B71-4BE130747F26} = {96457558-2E9B-484E-B18E-388753B29918}
		{293667C2-6EF0-437A-852E-D21D39CFBB08} = {96457558-2E9B-484E-B18E-388753B29918}
		{87867EFF-2047-4B5E-A8FE-78638888E48A} = {96457558-2E9B-484E-B18E-388753B29918}
		{7C3EBA97-ACE8-4133-A9BF-374AA8E373A6} = {D7BACF86-64DF-4F49-890D-FB6A864CD96E}
		{41E95503-1050-4EAB-82CB-6F986B6B8D15} = {D7BACF86-64DF-4F49-890D-FB6A864CD96E}
		{F94AC857-E8D1-44BC-821D-AD18C1347E4E} = {D7BACF86-64DF-4F49-890D-FB6A864CD96E}
		{A2ECB2F0-3E64-4511-899C-699E48CC2AE4} = {D7BACF86-64DF-4F49-890D-FB6A864CD96E}
		{F3FEB645-E688-4089-97B8-839E2FEB9350} = {D7BACF86-64DF-4F49-890D-FB6A864CD96E}
	EndGlobalSection
	GlobalSection(ExtensibilityGlobals) = postSolution
		{AE80C043-1A56-44DE-81AA-E8839153CB74} = {96457558-2E9B-484E-B18E-388753B29918}
		{9BFB627E-47CA-4FB2-8C87-C723ABF9E309} = {245B6B27-1DD6-4B32-AE9D-EA17C24B3EFE}
		{A5FCBA55-8AA2-46AF-9A36-AD8ACFD09C07} = {E416C0D8-CEEC-432E-82F1-8C91C1D4F1C7}
		{22C3B386-E4CD-456B-BE77-7CE5E7B0C83C} = {245B6B27-1DD6-4B32-AE9D-EA17C24B3EFE}
		{0D536B23-5CD0-44F8-A3D2-B92C076E1A8F} = {F863DD1F-2EA9-4AEC-909C-04DADBB381D9}
		{E0396268-3B43-4D0A-8372-953691D0103A} = {245B6B27-1DD6-4B32-AE9D-EA17C24B3EFE}
		{130C7AAC-325D-40DE-9562-B03C26B74B0F} = {245B6B27-1DD6-4B32-AE9D-EA17C24B3EFE}
		{21F75DD6-7A62-4B55-A32C-879976682192} = {245B6B27-1DD6-4B32-AE9D-EA17C24B3EFE}
		{245B6B27-1DD6-4B32-AE9D-EA17C24B3EFE} = {93EDAABD-78C3-42EC-8530-7AB0331B5F89}
		{DAAFE7F4-BE53-4DDF-8025-DD4CF06BFF98} = {E416C0D8-CEEC-432E-82F1-8C91C1D4F1C7}
		{B6E52E36-7123-4F69-B5A5-22086B0B7521} = {E416C0D8-CEEC-432E-82F1-8C91C1D4F1C7}
		{0AD326C6-1AA0-4102-94B1-E5D874F60930} = {00F83D99-820C-470A-8F4F-73883B7E8F2D}
		{B6E52E36-7123-4F69-B5A5-22086B0B7521} = {E416C0D8-CEEC-432E-82F1-8C91C1D4F1C7}
		{DAAFE7F4-BE53-4DDF-8025-DD4CF06BFF98} = {E416C0D8-CEEC-432E-82F1-8C91C1D4F1C7}
		{245B6B27-1DD6-4B32-AE9D-EA17C24B3EFE} = {93EDAABD-78C3-42EC-8530-7AB0331B5F89}
		{21F75DD6-7A62-4B55-A32C-879976682192} = {245B6B27-1DD6-4B32-AE9D-EA17C24B3EFE}
		{130C7AAC-325D-40DE-9562-B03C26B74B0F} = {245B6B27-1DD6-4B32-AE9D-EA17C24B3EFE}
		{E0396268-3B43-4D0A-8372-953691D0103A} = {245B6B27-1DD6-4B32-AE9D-EA17C24B3EFE}
		{0D536B23-5CD0-44F8-A3D2-B92C076E1A8F} = {F863DD1F-2EA9-4AEC-909C-04DADBB381D9}
		{22C3B386-E4CD-456B-BE77-7CE5E7B0C83C} = {245B6B27-1DD6-4B32-AE9D-EA17C24B3EFE}
		{A5FCBA55-8AA2-46AF-9A36-AD8ACFD09C07} = {E416C0D8-CEEC-432E-82F1-8C91C1D4F1C7}
		{9BFB627E-47CA-4FB2-8C87-C723ABF9E309} = {245B6B27-1DD6-4B32-AE9D-EA17C24B3EFE}
		{AE80C043-1A56-44DE-81AA-E8839153CB74} = {96457558-2E9B-484E-B18E-388753B29918}
	EndGlobalSection
EndGlobal
