
Microsoft Visual Studio Solution File, Format Version 12.00
# Visual Studio Version 17
VisualStudioVersion = 17.12.35506.116
MinimumVisualStudioVersion = 10.0.40219.1
Project("{FAE04EC0-301F-11D3-BF4B-00C04F79EFBC}") = "Doerly.Host", "Doerly.Host\Doerly.Host.csproj", "{C319C633-AB31-4841-A329-537F0E311C87}"
EndProject
Project("{2150E333-8FDC-42A3-9474-1A3956D46DE8}") = "Modules", "Modules", "{93EDAABD-78C3-42EC-8530-7AB0331B5F89}"
EndProject
Project("{FAE04EC0-301F-11D3-BF4B-00C04F79EFBC}") = "Doerly.DataAccess", "Doerly.DataAccess\Doerly.DataAccess.csproj", "{E0C1655A-76EA-46B9-8FEF-6C84F2CFA7CE}"
EndProject
Project("{2150E333-8FDC-42A3-9474-1A3956D46DE8}") = "Authorization", "Authorization", "{E416C0D8-CEEC-432E-82F1-8C91C1D4F1C7}"
EndProject
Project("{FAE04EC0-301F-11D3-BF4B-00C04F79EFBC}") = "Doerly.Module.Authorization.Api", "Doerly.Module.Authorization\Doerly.Module.Authorization.Api\Doerly.Module.Authorization.Api.csproj", "{EF7C49A0-DE16-4D6F-9A35-4428C3458E3D}"
EndProject
Project("{FAE04EC0-301F-11D3-BF4B-00C04F79EFBC}") = "Doerly.Module.Authorization.Domain", "Doerly.Module.Authorization\Doerly.Module.Authorization.Domain\Doerly.Module.Authorization.Domain.csproj", "{E051E2C9-C4A5-4E34-ADB0-78252905B6F5}"
EndProject
Project("{FAE04EC0-301F-11D3-BF4B-00C04F79EFBC}") = "Doerly.Module.Authorization.DataAccess", "Doerly.Module.Authorization\Doerly.Module.Authorization.DataAccess\Doerly.Module.Authorization.DataAccess.csproj", "{2BFD3D11-A6DD-4954-8EBD-02612E8B7B8D}"
EndProject
Project("{FAE04EC0-301F-11D3-BF4B-00C04F79EFBC}") = "Doerly.Domain", "Doerly.Domain\Doerly.Domain.csproj", "{53783D65-333C-42D7-8005-81CA7D93E03C}"
EndProject
Project("{FAE04EC0-301F-11D3-BF4B-00C04F79EFBC}") = "Doerly.Api.Infrastructure", "Doerly.Api.Infrastructure\Doerly.Api.Infrastructure.csproj", "{C5ADA8B7-B327-4200-9E46-2174C69A4946}"
EndProject
Project("{FAE04EC0-301F-11D3-BF4B-00C04F79EFBC}") = "Doerly.Common", "Doerly.Common\Doerly.Common.csproj", "{AE80C043-1A56-44DE-81AA-E8839153CB74}"
EndProject
Project("{2150E333-8FDC-42A3-9474-1A3956D46DE8}") = "Notifications", "Notifications", "{00F83D99-820C-470A-8F4F-73883B7E8F2D}"
EndProject
Project("{FAE04EC0-301F-11D3-BF4B-00C04F79EFBC}") = "Doerly.Notification.EmailSender", "Doerly.Notification.EmailSender\Doerly.Notification.EmailSender.csproj", "{0AD326C6-1AA0-4102-94B1-E5D874F60930}"
EndProject
Project("{FAE04EC0-301F-11D3-BF4B-00C04F79EFBC}") = "Doerly.Localization", "Doerly.Localization\Doerly.Localization.csproj", "{293667C2-6EF0-437A-852E-D21D39CFBB08}"
EndProject
Project("{FAE04EC0-301F-11D3-BF4B-00C04F79EFBC}") = "Doerly.Module.Authorization.Enums", "Doerly.Module.Authorization\Doerly.Module.Authorization.Enums\Doerly.Module.Authorization.Enums.csproj", "{B6E52E36-7123-4F69-B5A5-22086B0B7521}"
EndProject
Project("{2150E333-8FDC-42A3-9474-1A3956D46DE8}") = "Profile", "Profile", "{245B6B27-1DD6-4B32-AE9D-EA17C24B3EFE}"
EndProject
Project("{FAE04EC0-301F-11D3-BF4B-00C04F79EFBC}") = "Doerly.Module.Profile.Api", "Doerly.Module.Profile\Doerly.Module.Profile.Api\Doerly.Module.Profile.Api.csproj", "{21F75DD6-7A62-4B55-A32C-879976682192}"
EndProject
Project("{FAE04EC0-301F-11D3-BF4B-00C04F79EFBC}") = "Doerly.Module.Profile.DataAccess", "Doerly.Module.Profile\Doerly.Module.Profile.DataAccess\Doerly.Module.Profile.DataAccess.csproj", "{130C7AAC-325D-40DE-9562-B03C26B74B0F}"
EndProject
Project("{FAE04EC0-301F-11D3-BF4B-00C04F79EFBC}") = "Doerly.Module.Profile.Domain", "Doerly.Module.Profile\Doerly.Module.Profile.Domain\Doerly.Module.Profile.Domain.csproj", "{E0396268-3B43-4D0A-8372-953691D0103A}"
EndProject
Project("{2150E333-8FDC-42A3-9474-1A3956D46DE8}") = "FileRepository", "FileRepository", "{F863DD1F-2EA9-4AEC-909C-04DADBB381D9}"
EndProject
Project("{FAE04EC0-301F-11D3-BF4B-00C04F79EFBC}") = "Doerly.FileRepository", "Doerly.FileRepository\Doerly.FileRepository.csproj", "{0D536B23-5CD0-44F8-A3D2-B92C076E1A8F}"
EndProject
Global
	GlobalSection(SolutionConfigurationPlatforms) = preSolution
		Debug|Any CPU = Debug|Any CPU
		Release|Any CPU = Release|Any CPU
	EndGlobalSection
	GlobalSection(ProjectConfigurationPlatforms) = postSolution
		{C319C633-AB31-4841-A329-537F0E311C87}.Debug|Any CPU.ActiveCfg = Debug|Any CPU
		{C319C633-AB31-4841-A329-537F0E311C87}.Debug|Any CPU.Build.0 = Debug|Any CPU
		{C319C633-AB31-4841-A329-537F0E311C87}.Release|Any CPU.ActiveCfg = Release|Any CPU
		{C319C633-AB31-4841-A329-537F0E311C87}.Release|Any CPU.Build.0 = Release|Any CPU
		{E0C1655A-76EA-46B9-8FEF-6C84F2CFA7CE}.Debug|Any CPU.ActiveCfg = Debug|Any CPU
		{E0C1655A-76EA-46B9-8FEF-6C84F2CFA7CE}.Debug|Any CPU.Build.0 = Debug|Any CPU
		{E0C1655A-76EA-46B9-8FEF-6C84F2CFA7CE}.Release|Any CPU.ActiveCfg = Release|Any CPU
		{E0C1655A-76EA-46B9-8FEF-6C84F2CFA7CE}.Release|Any CPU.Build.0 = Release|Any CPU
		{EF7C49A0-DE16-4D6F-9A35-4428C3458E3D}.Debug|Any CPU.ActiveCfg = Debug|Any CPU
		{EF7C49A0-DE16-4D6F-9A35-4428C3458E3D}.Debug|Any CPU.Build.0 = Debug|Any CPU
		{EF7C49A0-DE16-4D6F-9A35-4428C3458E3D}.Release|Any CPU.ActiveCfg = Release|Any CPU
		{EF7C49A0-DE16-4D6F-9A35-4428C3458E3D}.Release|Any CPU.Build.0 = Release|Any CPU
		{E051E2C9-C4A5-4E34-ADB0-78252905B6F5}.Debug|Any CPU.ActiveCfg = Debug|Any CPU
		{E051E2C9-C4A5-4E34-ADB0-78252905B6F5}.Debug|Any CPU.Build.0 = Debug|Any CPU
		{E051E2C9-C4A5-4E34-ADB0-78252905B6F5}.Release|Any CPU.ActiveCfg = Release|Any CPU
		{E051E2C9-C4A5-4E34-ADB0-78252905B6F5}.Release|Any CPU.Build.0 = Release|Any CPU
		{2BFD3D11-A6DD-4954-8EBD-02612E8B7B8D}.Debug|Any CPU.ActiveCfg = Debug|Any CPU
		{2BFD3D11-A6DD-4954-8EBD-02612E8B7B8D}.Debug|Any CPU.Build.0 = Debug|Any CPU
		{2BFD3D11-A6DD-4954-8EBD-02612E8B7B8D}.Release|Any CPU.ActiveCfg = Release|Any CPU
		{2BFD3D11-A6DD-4954-8EBD-02612E8B7B8D}.Release|Any CPU.Build.0 = Release|Any CPU
		{53783D65-333C-42D7-8005-81CA7D93E03C}.Debug|Any CPU.ActiveCfg = Debug|Any CPU
		{53783D65-333C-42D7-8005-81CA7D93E03C}.Debug|Any CPU.Build.0 = Debug|Any CPU
		{53783D65-333C-42D7-8005-81CA7D93E03C}.Release|Any CPU.ActiveCfg = Release|Any CPU
		{53783D65-333C-42D7-8005-81CA7D93E03C}.Release|Any CPU.Build.0 = Release|Any CPU
		{C5ADA8B7-B327-4200-9E46-2174C69A4946}.Debug|Any CPU.ActiveCfg = Debug|Any CPU
		{C5ADA8B7-B327-4200-9E46-2174C69A4946}.Debug|Any CPU.Build.0 = Debug|Any CPU
		{C5ADA8B7-B327-4200-9E46-2174C69A4946}.Release|Any CPU.ActiveCfg = Release|Any CPU
		{C5ADA8B7-B327-4200-9E46-2174C69A4946}.Release|Any CPU.Build.0 = Release|Any CPU
		{AE80C043-1A56-44DE-81AA-E8839153CB74}.Debug|Any CPU.ActiveCfg = Debug|Any CPU
		{AE80C043-1A56-44DE-81AA-E8839153CB74}.Debug|Any CPU.Build.0 = Debug|Any CPU
		{AE80C043-1A56-44DE-81AA-E8839153CB74}.Release|Any CPU.ActiveCfg = Release|Any CPU
		{AE80C043-1A56-44DE-81AA-E8839153CB74}.Release|Any CPU.Build.0 = Release|Any CPU
		{0AD326C6-1AA0-4102-94B1-E5D874F60930}.Debug|Any CPU.ActiveCfg = Debug|Any CPU
		{0AD326C6-1AA0-4102-94B1-E5D874F60930}.Debug|Any CPU.Build.0 = Debug|Any CPU
		{0AD326C6-1AA0-4102-94B1-E5D874F60930}.Release|Any CPU.ActiveCfg = Release|Any CPU
		{0AD326C6-1AA0-4102-94B1-E5D874F60930}.Release|Any CPU.Build.0 = Release|Any CPU
		{293667C2-6EF0-437A-852E-D21D39CFBB08}.Debug|Any CPU.ActiveCfg = Debug|Any CPU
		{293667C2-6EF0-437A-852E-D21D39CFBB08}.Debug|Any CPU.Build.0 = Debug|Any CPU
		{293667C2-6EF0-437A-852E-D21D39CFBB08}.Release|Any CPU.ActiveCfg = Release|Any CPU
		{293667C2-6EF0-437A-852E-D21D39CFBB08}.Release|Any CPU.Build.0 = Release|Any CPU
		{B6E52E36-7123-4F69-B5A5-22086B0B7521}.Debug|Any CPU.ActiveCfg = Debug|Any CPU
		{B6E52E36-7123-4F69-B5A5-22086B0B7521}.Debug|Any CPU.Build.0 = Debug|Any CPU
		{B6E52E36-7123-4F69-B5A5-22086B0B7521}.Release|Any CPU.ActiveCfg = Release|Any CPU
		{B6E52E36-7123-4F69-B5A5-22086B0B7521}.Release|Any CPU.Build.0 = Release|Any CPU
		{DAAFE7F4-BE53-4DDF-8025-DD4CF06BFF98}.Debug|Any CPU.ActiveCfg = Debug|Any CPU
		{DAAFE7F4-BE53-4DDF-8025-DD4CF06BFF98}.Debug|Any CPU.Build.0 = Debug|Any CPU
		{DAAFE7F4-BE53-4DDF-8025-DD4CF06BFF98}.Release|Any CPU.ActiveCfg = Release|Any CPU
		{DAAFE7F4-BE53-4DDF-8025-DD4CF06BFF98}.Release|Any CPU.Build.0 = Release|Any CPU
		{21F75DD6-7A62-4B55-A32C-879976682192}.Debug|Any CPU.ActiveCfg = Debug|Any CPU
		{21F75DD6-7A62-4B55-A32C-879976682192}.Debug|Any CPU.Build.0 = Debug|Any CPU
		{21F75DD6-7A62-4B55-A32C-879976682192}.Release|Any CPU.ActiveCfg = Release|Any CPU
		{21F75DD6-7A62-4B55-A32C-879976682192}.Release|Any CPU.Build.0 = Release|Any CPU
		{F92CE839-DFF6-4CF1-95F9-06EA526EF9D7}.Debug|Any CPU.ActiveCfg = Debug|Any CPU
		{F92CE839-DFF6-4CF1-95F9-06EA526EF9D7}.Debug|Any CPU.Build.0 = Debug|Any CPU
		{F92CE839-DFF6-4CF1-95F9-06EA526EF9D7}.Release|Any CPU.ActiveCfg = Release|Any CPU
		{F92CE839-DFF6-4CF1-95F9-06EA526EF9D7}.Release|Any CPU.Build.0 = Release|Any CPU
		{130C7AAC-325D-40DE-9562-B03C26B74B0F}.Debug|Any CPU.ActiveCfg = Debug|Any CPU
		{130C7AAC-325D-40DE-9562-B03C26B74B0F}.Debug|Any CPU.Build.0 = Debug|Any CPU
		{130C7AAC-325D-40DE-9562-B03C26B74B0F}.Release|Any CPU.ActiveCfg = Release|Any CPU
		{130C7AAC-325D-40DE-9562-B03C26B74B0F}.Release|Any CPU.Build.0 = Release|Any CPU
		{E0396268-3B43-4D0A-8372-953691D0103A}.Debug|Any CPU.ActiveCfg = Debug|Any CPU
		{E0396268-3B43-4D0A-8372-953691D0103A}.Debug|Any CPU.Build.0 = Debug|Any CPU
		{E0396268-3B43-4D0A-8372-953691D0103A}.Release|Any CPU.ActiveCfg = Release|Any CPU
		{E0396268-3B43-4D0A-8372-953691D0103A}.Release|Any CPU.Build.0 = Release|Any CPU
		{0D536B23-5CD0-44F8-A3D2-B92C076E1A8F}.Debug|Any CPU.ActiveCfg = Debug|Any CPU
		{0D536B23-5CD0-44F8-A3D2-B92C076E1A8F}.Debug|Any CPU.Build.0 = Debug|Any CPU
		{0D536B23-5CD0-44F8-A3D2-B92C076E1A8F}.Release|Any CPU.ActiveCfg = Release|Any CPU
		{0D536B23-5CD0-44F8-A3D2-B92C076E1A8F}.Release|Any CPU.Build.0 = Release|Any CPU
	EndGlobalSection
	GlobalSection(SolutionProperties) = preSolution
		HideSolutionNode = FALSE
	EndGlobalSection
	GlobalSection(NestedProjects) = preSolution
		{E416C0D8-CEEC-432E-82F1-8C91C1D4F1C7} = {93EDAABD-78C3-42EC-8530-7AB0331B5F89}
		{EF7C49A0-DE16-4D6F-9A35-4428C3458E3D} = {E416C0D8-CEEC-432E-82F1-8C91C1D4F1C7}
		{E051E2C9-C4A5-4E34-ADB0-78252905B6F5} = {E416C0D8-CEEC-432E-82F1-8C91C1D4F1C7}
		{2BFD3D11-A6DD-4954-8EBD-02612E8B7B8D} = {E416C0D8-CEEC-432E-82F1-8C91C1D4F1C7}
		{0AD326C6-1AA0-4102-94B1-E5D874F60930} = {00F83D99-820C-470A-8F4F-73883B7E8F2D}
		{B6E52E36-7123-4F69-B5A5-22086B0B7521} = {E416C0D8-CEEC-432E-82F1-8C91C1D4F1C7}
		{DAAFE7F4-BE53-4DDF-8025-DD4CF06BFF98} = {E416C0D8-CEEC-432E-82F1-8C91C1D4F1C7}
		{245B6B27-1DD6-4B32-AE9D-EA17C24B3EFE} = {93EDAABD-78C3-42EC-8530-7AB0331B5F89}
		{21F75DD6-7A62-4B55-A32C-879976682192} = {245B6B27-1DD6-4B32-AE9D-EA17C24B3EFE}
		{F92CE839-DFF6-4CF1-95F9-06EA526EF9D7} = {245B6B27-1DD6-4B32-AE9D-EA17C24B3EFE}
		{130C7AAC-325D-40DE-9562-B03C26B74B0F} = {245B6B27-1DD6-4B32-AE9D-EA17C24B3EFE}
		{E0396268-3B43-4D0A-8372-953691D0103A} = {245B6B27-1DD6-4B32-AE9D-EA17C24B3EFE}
		{0D536B23-5CD0-44F8-A3D2-B92C076E1A8F} = {F863DD1F-2EA9-4AEC-909C-04DADBB381D9}
	EndGlobalSection
EndGlobal
